
Microsoft Visual Studio Solution File, Format Version 12.00
Project("{FAE04EC0-301F-11D3-BF4B-00C04F79EFBC}") = "MinimalApiTemplate.Api", "MinimalApiTemplate.Api\MinimalApiTemplate.Api.csproj", "{3AD825FD-CAB8-44E3-9A80-420730FBB618}"
EndProject
Project("{FAE04EC0-301F-11D3-BF4B-00C04F79EFBC}") = "MinimalApiTemplate.Domain", "MinimalApiTemplate.Domain\MinimalApiTemplate.Domain.csproj", "{9FD68531-93F8-4EF8-B851-8871FE665E10}"
EndProject
Project("{FAE04EC0-301F-11D3-BF4B-00C04F79EFBC}") = "MinimalApiTemplate.Common", "MinimalApiTemplate.Common\MinimalApiTemplate.Common.csproj", "{019FD19A-75BB-4544-A4F2-36755CB65150}"
EndProject
Project("{FAE04EC0-301F-11D3-BF4B-00C04F79EFBC}") = "MinimalApiTemplate.Data", "MinimalApiTemplate.Data\MinimalApiTemplate.Data.csproj", "{DDA4023E-C194-41D1-9BA9-53FCFC35DBE9}"
EndProject
Project("{FAE04EC0-301F-11D3-BF4B-00C04F79EFBC}") = "MinimalApiTemplate.xUnit", "MinimalApiTemplate.xUnit\MinimalApiTemplate.xUnit.csproj", "{96295DC3-C2A6-4737-B7A2-C6F451E7A40A}"
EndProject
Global
	GlobalSection(SolutionConfigurationPlatforms) = preSolution
		Debug|Any CPU = Debug|Any CPU
		Release|Any CPU = Release|Any CPU
	EndGlobalSection
	GlobalSection(ProjectConfigurationPlatforms) = postSolution
		{3AD825FD-CAB8-44E3-9A80-420730FBB618}.Debug|Any CPU.ActiveCfg = Debug|Any CPU
		{3AD825FD-CAB8-44E3-9A80-420730FBB618}.Debug|Any CPU.Build.0 = Debug|Any CPU
		{3AD825FD-CAB8-44E3-9A80-420730FBB618}.Release|Any CPU.ActiveCfg = Release|Any CPU
		{3AD825FD-CAB8-44E3-9A80-420730FBB618}.Release|Any CPU.Build.0 = Release|Any CPU
		{9FD68531-93F8-4EF8-B851-8871FE665E10}.Debug|Any CPU.ActiveCfg = Debug|Any CPU
		{9FD68531-93F8-4EF8-B851-8871FE665E10}.Debug|Any CPU.Build.0 = Debug|Any CPU
		{9FD68531-93F8-4EF8-B851-8871FE665E10}.Release|Any CPU.ActiveCfg = Release|Any CPU
		{9FD68531-93F8-4EF8-B851-8871FE665E10}.Release|Any CPU.Build.0 = Release|Any CPU
		{019FD19A-75BB-4544-A4F2-36755CB65150}.Debug|Any CPU.ActiveCfg = Debug|Any CPU
		{019FD19A-75BB-4544-A4F2-36755CB65150}.Debug|Any CPU.Build.0 = Debug|Any CPU
		{019FD19A-75BB-4544-A4F2-36755CB65150}.Release|Any CPU.ActiveCfg = Release|Any CPU
		{019FD19A-75BB-4544-A4F2-36755CB65150}.Release|Any CPU.Build.0 = Release|Any CPU
		{DDA4023E-C194-41D1-9BA9-53FCFC35DBE9}.Debug|Any CPU.ActiveCfg = Debug|Any CPU
		{DDA4023E-C194-41D1-9BA9-53FCFC35DBE9}.Debug|Any CPU.Build.0 = Debug|Any CPU
		{DDA4023E-C194-41D1-9BA9-53FCFC35DBE9}.Release|Any CPU.ActiveCfg = Release|Any CPU
		{DDA4023E-C194-41D1-9BA9-53FCFC35DBE9}.Release|Any CPU.Build.0 = Release|Any CPU
		{96295DC3-C2A6-4737-B7A2-C6F451E7A40A}.Debug|Any CPU.ActiveCfg = Debug|Any CPU
		{96295DC3-C2A6-4737-B7A2-C6F451E7A40A}.Debug|Any CPU.Build.0 = Debug|Any CPU
		{96295DC3-C2A6-4737-B7A2-C6F451E7A40A}.Release|Any CPU.ActiveCfg = Release|Any CPU
		{96295DC3-C2A6-4737-B7A2-C6F451E7A40A}.Release|Any CPU.Build.0 = Release|Any CPU
	EndGlobalSection
EndGlobal
